{
  "name": "testbot",
  "version": "1.0.0",
  "lockfileVersion": 1,
  "requires": true,
  "dependencies": {
    "@types/lodash": {
      "version": "4.14.121",
      "resolved": "https://registry.npmjs.org/@types/lodash/-/lodash-4.14.121.tgz",
      "integrity": "sha512-ORj7IBWj13iYufXt/VXrCNMbUuCTJfhzme5kx9U/UtcIPdJYuvPDUAlHlbNhz/8lKCLy9XGIZnGrqXOtQbPGoQ==",
      "dev": true
    },
    "@types/moment-timezone": {
      "version": "0.5.10",
      "resolved": "https://registry.npmjs.org/@types/moment-timezone/-/moment-timezone-0.5.10.tgz",
      "integrity": "sha512-sSFfubyYd0Z9C89/M5wZ+GJOWNTYTPhXAB2wrzmElJcQROyWTj0y1NCLSwYqovDYeFezlFE8+aopIyZTMsDVnA==",
      "requires": {
        "moment": ">=2.14.0"
      }
    },
    "@types/node": {
      "version": "11.9.4",
      "resolved": "https://registry.npmjs.org/@types/node/-/node-11.9.4.tgz",
      "integrity": "sha512-Zl8dGvAcEmadgs1tmSPcvwzO1YRsz38bVJQvH1RvRqSR9/5n61Q1ktcDL0ht3FXWR+ZpVmXVwN1LuH4Ax23NsA=="
    },
    "lodash": {
      "version": "4.17.11",
      "resolved": "https://registry.npmjs.org/lodash/-/lodash-4.17.11.tgz",
      "integrity": "sha512-cQKh8igo5QUhZ7lg38DYWAxMvjSAKG0A8wGSVimP07SIUEK2UO+arSRKbRZWtelMtN5V0Hkwh5ryOto/SshYIg=="
    },
    "moment": {
      "version": "2.24.0",
      "resolved": "https://registry.npmjs.org/moment/-/moment-2.24.0.tgz",
      "integrity": "sha512-bV7f+6l2QigeBBZSM/6yTNq4P2fNpSWj/0e7jQcy87A8e7o2nAfP/34/2ky5Vw4B9S446EtIhodAzkFCcR4dQg=="
    },
    "moment-timezone": {
      "version": "0.5.23",
      "resolved": "https://registry.npmjs.org/moment-timezone/-/moment-timezone-0.5.23.tgz",
      "integrity": "sha512-WHFH85DkCfiNMDX5D3X7hpNH3/PUhjTGcD0U1SgfBGZxJ3qUmJh5FdvaFjcClxOvB3rzdfj4oRffbI38jEnC1w==",
      "requires": {
        "moment": ">= 2.9.0"
      }
    }
  }
}
